# THIS IS AN AUTOGENERATED FILE. DO NOT EDIT THIS FILE DIRECTLY.
# yarn lockfile v1


"@minimouli/framework@^1.0.2":
  version "1.0.2"
  resolved "https://registry.yarnpkg.com/@minimouli/framework/-/framework-1.0.2.tgz#b7f078c2d4ac7b86154f35aa3c5d662a636b774d"
  integrity sha512-C4TtNnazFLULn0C+VKZwhBrV1iWKuE1zjZU0EJlau4yWqkVvzrkloou9YAEIo0MqpRbQ9NHNvnPXYqTgPpqyRg==
  dependencies:
    "@minimouli/fs" "^1.0.1"
    "@minimouli/ipc" "^1.0.0"
    "@minimouli/matchers" "^1.0.1"
    "@minimouli/process" "^1.0.1"
    "@minimouli/types" "^1.0.0"

"@minimouli/fs@^1.0.0", "@minimouli/fs@^1.0.1":
  version "1.0.1"
  resolved "https://registry.yarnpkg.com/@minimouli/fs/-/fs-1.0.1.tgz#504aa6d4a350b747b8960972ecd86bb901a89c42"
  integrity sha512-TU2E7j6Qo0C8P1MCqjN+Io+KyQL5qQy45GL5MmMmskWAKaGiZEdMPIHykJyOkODbp+OfYM/jbjcQVEbo3FsK6A==
  dependencies:
    "@minimouli/io" "^1.0.0"
    "@minimouli/types" "^1.0.0"

"@minimouli/io@^1.0.0":
  version "1.0.0"
  resolved "https://registry.yarnpkg.com/@minimouli/io/-/io-1.0.0.tgz#337ff8bfd013d0dcc868376e24aafbba18089042"
  integrity sha512-7L91YF0ei3LNwy6QyMHSVzR2NEllnjUoS37xZ3XgD2IR0JW4wF/c0d6r3Gh+g5giPWO4S2uGlroTULJjY94YkA==
  dependencies:
    "@minimouli/types" "^1.0.0"

"@minimouli/ipc@^1.0.0":
  version "1.0.1"
  resolved "https://registry.yarnpkg.com/@minimouli/ipc/-/ipc-1.0.1.tgz#4cadb02c920fb7b20715267b8105c489052694e8"
  integrity sha512-u+eDneHexl7BGL9kcPWCkfPstbhkCctpxVUMFc32lDvfKXubHP0u/WS8CxyVDp27SQnkRrSUj3wfj5R+UCG9qA==
  dependencies:
    "@minimouli/process" "^1.0.1"

"@minimouli/matchers@^1.0.1":
  version "1.0.1"
  resolved "https://registry.yarnpkg.com/@minimouli/matchers/-/matchers-1.0.1.tgz#929b5d7c8407dfed620fd370e427c66f482392b7"
  integrity sha512-CO0Q3d/C+jI0v1vHvwRc/YpCouv5edA1SqKdB5jgco82/0PWQOeQ7o7V3AGsqfnQfz2lB0bTX5LOAZnI/7oS/Q==
  dependencies:
    "@minimouli/fs" "^1.0.0"
    "@minimouli/process" "^1.0.0"
    "@minimouli/types" "^1.0.0"

"@minimouli/process@^1.0.0", "@minimouli/process@^1.0.1":
  version "1.0.1"
  resolved "https://registry.yarnpkg.com/@minimouli/process/-/process-1.0.1.tgz#5092dda2e925bad0e3a4738165f7453f6f3cab5f"
  integrity sha512-BF8WIE6hHWCgqvMYh1H9gIH2EZdijudfYmuU0rEhbB17XLl3xi0hMCyjJ+SHXfkuAsjhtgK6605C5bP0g/Jb8g==
  dependencies:
    "@minimouli/fs" "^1.0.1"
    "@minimouli/io" "^1.0.0"
    "@minimouli/types" "^1.0.0"

"@minimouli/types@^1.0.0":
  version "1.0.0"
  resolved "https://registry.yarnpkg.com/@minimouli/types/-/types-1.0.0.tgz#4f1c840fe7704af404eda00433ee373c37ad16d3"
  integrity sha512-8yqDM64sZE/q5XFOAMeTR46SXrzfYSKJRT5bI+PnEAjxmJ8mZQwRqMId0afbVqivKkMr25szD0pxVUMnR/SKJA==

"@types/node@^17.0.21":
  version "17.0.21"
  resolved "https://registry.yarnpkg.com/@types/node/-/node-17.0.21.tgz#864b987c0c68d07b4345845c3e63b75edd143644"
  integrity sha512-DBZCJbhII3r90XbQxI8Y9IjjiiOGlZ0Hr32omXIZvwwZ7p4DMMXGrKXVyPfuoBOri9XNtL0UK69jYIBIsRX3QQ==

typescript@^4.6.2:
  version "4.6.2"
  resolved "https://registry.yarnpkg.com/typescript/-/typescript-4.6.2.tgz#fe12d2727b708f4eef40f51598b3398baa9611d4"
  integrity sha512-HM/hFigTBHZhLXshn9sN37H085+hQGeJHJ/X7LpBWLID/fbc2acUMfU+lGD98X81sKP+pFa9f0DZmCwB9GnbAg==
